
Microsoft Visual Studio Solution File, Format Version 12.00
# Visual Studio 15
Project("{FAE04EC0-301F-11D3-BF4B-00C04F79EFBC}") = "Assembly-CSharp", "Assembly-CSharp.csproj", "{A414A3DB-42D5-5B52-81A8-44FB961ECEBA}"
EndProject
Project("{FAE04EC0-301F-11D3-BF4B-00C04F79EFBC}") = "Assembly-CSharp-firstpass", "Assembly-CSharp-firstpass.csproj", "{C96130E3-9983-8C0C-0174-88A6E7CE4A40}"
EndProject
Project("{FAE04EC0-301F-11D3-BF4B-00C04F79EFBC}") = "Assembly-CSharp-Editor-firstpass", "Assembly-CSharp-Editor-firstpass.csproj", "{C7BBF2EC-8028-C99B-C616-BD39C2FD071C}"
EndProject
Global
	GlobalSection(SolutionConfigurationPlatforms) = preSolution
		Debug|Any CPU = Debug|Any CPU
		Release|Any CPU = Release|Any CPU
	EndGlobalSection
	GlobalSection(ProjectConfigurationPlatforms) = postSolution
		{A414A3DB-42D5-5B52-81A8-44FB961ECEBA}.Debug|Any CPU.ActiveCfg = Debug|Any CPU
		{A414A3DB-42D5-5B52-81A8-44FB961ECEBA}.Debug|Any CPU.Build.0 = Debug|Any CPU
		{A414A3DB-42D5-5B52-81A8-44FB961ECEBA}.Release|Any CPU.ActiveCfg = Release|Any CPU
		{A414A3DB-42D5-5B52-81A8-44FB961ECEBA}.Release|Any CPU.Build.0 = Release|Any CPU
		{C96130E3-9983-8C0C-0174-88A6E7CE4A40}.Debug|Any CPU.ActiveCfg = Debug|Any CPU
		{C96130E3-9983-8C0C-0174-88A6E7CE4A40}.Debug|Any CPU.Build.0 = Debug|Any CPU
		{C96130E3-9983-8C0C-0174-88A6E7CE4A40}.Release|Any CPU.ActiveCfg = Release|Any CPU
		{C96130E3-9983-8C0C-0174-88A6E7CE4A40}.Release|Any CPU.Build.0 = Release|Any CPU
		{C7BBF2EC-8028-C99B-C616-BD39C2FD071C}.Debug|Any CPU.ActiveCfg = Debug|Any CPU
		{C7BBF2EC-8028-C99B-C616-BD39C2FD071C}.Debug|Any CPU.Build.0 = Debug|Any CPU
		{C7BBF2EC-8028-C99B-C616-BD39C2FD071C}.Release|Any CPU.ActiveCfg = Release|Any CPU
		{C7BBF2EC-8028-C99B-C616-BD39C2FD071C}.Release|Any CPU.Build.0 = Release|Any CPU
	EndGlobalSection
	GlobalSection(SolutionProperties) = preSolution
		HideSolutionNode = FALSE
	EndGlobalSection
EndGlobal
